
Microsoft Visual Studio Solution File, Format Version 12.00
# Visual Studio Version 17
VisualStudioVersion = 17.9.34616.47
MinimumVisualStudioVersion = 10.0.40219.1
Project("{9A19103F-16F7-4668-BE54-9A1E7A4F7556}") = "Task1", "Task1\Task1.csproj", "{A0D84E5E-0544-4943-954E-AB2AFC361341}"
EndProject
Project("{9A19103F-16F7-4668-BE54-9A1E7A4F7556}") = "Task2", "Task2\Task2.csproj", "{432645F4-F32A-49FE-9F09-0B3145AFC171}"
EndProject
Project("{9A19103F-16F7-4668-BE54-9A1E7A4F7556}") = "Task3", "Task3\Task3.csproj", "{8F387D4B-1F49-4FDD-8B4E-EE2B54F2E498}"
EndProject
Project("{FAE04EC0-301F-11D3-BF4B-00C04F79EFBC}") = "Task4", "Task4\Task4.csproj", "{951FAEC3-1A49-4E73-AE85-0841C0A3ADFF}"
EndProject
Project("{FAE04EC0-301F-11D3-BF4B-00C04F79EFBC}") = "Task5", "Task5\Task5.csproj", "{C1B75EBB-7F26-4C4A-A0D5-0D6979945F68}"
EndProject
Global
	GlobalSection(SolutionConfigurationPlatforms) = preSolution
		Debug|Any CPU = Debug|Any CPU
		Release|Any CPU = Release|Any CPU
	EndGlobalSection
	GlobalSection(ProjectConfigurationPlatforms) = postSolution
		{A0D84E5E-0544-4943-954E-AB2AFC361341}.Debug|Any CPU.ActiveCfg = Debug|Any CPU
		{A0D84E5E-0544-4943-954E-AB2AFC361341}.Debug|Any CPU.Build.0 = Debug|Any CPU
		{A0D84E5E-0544-4943-954E-AB2AFC361341}.Release|Any CPU.ActiveCfg = Release|Any CPU
		{A0D84E5E-0544-4943-954E-AB2AFC361341}.Release|Any CPU.Build.0 = Release|Any CPU
		{432645F4-F32A-49FE-9F09-0B3145AFC171}.Debug|Any CPU.ActiveCfg = Debug|Any CPU
		{432645F4-F32A-49FE-9F09-0B3145AFC171}.Debug|Any CPU.Build.0 = Debug|Any CPU
		{432645F4-F32A-49FE-9F09-0B3145AFC171}.Release|Any CPU.ActiveCfg = Release|Any CPU
		{432645F4-F32A-49FE-9F09-0B3145AFC171}.Release|Any CPU.Build.0 = Release|Any CPU
		{8F387D4B-1F49-4FDD-8B4E-EE2B54F2E498}.Debug|Any CPU.ActiveCfg = Debug|Any CPU
		{8F387D4B-1F49-4FDD-8B4E-EE2B54F2E498}.Debug|Any CPU.Build.0 = Debug|Any CPU
		{8F387D4B-1F49-4FDD-8B4E-EE2B54F2E498}.Release|Any CPU.ActiveCfg = Release|Any CPU
		{8F387D4B-1F49-4FDD-8B4E-EE2B54F2E498}.Release|Any CPU.Build.0 = Release|Any CPU
		{951FAEC3-1A49-4E73-AE85-0841C0A3ADFF}.Debug|Any CPU.ActiveCfg = Debug|Any CPU
		{951FAEC3-1A49-4E73-AE85-0841C0A3ADFF}.Debug|Any CPU.Build.0 = Debug|Any CPU
		{951FAEC3-1A49-4E73-AE85-0841C0A3ADFF}.Release|Any CPU.ActiveCfg = Release|Any CPU
		{951FAEC3-1A49-4E73-AE85-0841C0A3ADFF}.Release|Any CPU.Build.0 = Release|Any CPU
		{C1B75EBB-7F26-4C4A-A0D5-0D6979945F68}.Debug|Any CPU.ActiveCfg = Debug|Any CPU
		{C1B75EBB-7F26-4C4A-A0D5-0D6979945F68}.Debug|Any CPU.Build.0 = Debug|Any CPU
		{C1B75EBB-7F26-4C4A-A0D5-0D6979945F68}.Release|Any CPU.ActiveCfg = Release|Any CPU
		{C1B75EBB-7F26-4C4A-A0D5-0D6979945F68}.Release|Any CPU.Build.0 = Release|Any CPU
	EndGlobalSection
	GlobalSection(SolutionProperties) = preSolution
		HideSolutionNode = FALSE
	EndGlobalSection
	GlobalSection(ExtensibilityGlobals) = postSolution
		SolutionGuid = {183B1368-B6C7-49C0-A79B-A2F02DAF4621}
	EndGlobalSection
EndGlobal
