
Microsoft Visual Studio Solution File, Format Version 12.00
# Visual Studio Version 17
VisualStudioVersion = 17.8.34309.116
MinimumVisualStudioVersion = 10.0.40219.1
Project("{FAE04EC0-301F-11D3-BF4B-00C04F79EFBC}") = "Task1", "Task1\Task1.csproj", "{C2021831-92C0-4021-9435-0EA42619BFEC}"
EndProject
Global
	GlobalSection(SolutionConfigurationPlatforms) = preSolution
		Debug|Any CPU = Debug|Any CPU
		Release|Any CPU = Release|Any CPU
	EndGlobalSection
	GlobalSection(ProjectConfigurationPlatforms) = postSolution
		{C2021831-92C0-4021-9435-0EA42619BFEC}.Debug|Any CPU.ActiveCfg = Debug|Any CPU
		{C2021831-92C0-4021-9435-0EA42619BFEC}.Debug|Any CPU.Build.0 = Debug|Any CPU
		{C2021831-92C0-4021-9435-0EA42619BFEC}.Release|Any CPU.ActiveCfg = Release|Any CPU
		{C2021831-92C0-4021-9435-0EA42619BFEC}.Release|Any CPU.Build.0 = Release|Any CPU
	EndGlobalSection
	GlobalSection(SolutionProperties) = preSolution
		HideSolutionNode = FALSE
	EndGlobalSection
	GlobalSection(ExtensibilityGlobals) = postSolution
		SolutionGuid = {5D3AF07B-00B4-4F54-B68E-68BE641D33A4}
	EndGlobalSection
EndGlobal
