
Microsoft Visual Studio Solution File, Format Version 12.00
# Visual Studio Version 17
VisualStudioVersion = 17.8.34309.116
MinimumVisualStudioVersion = 10.0.40219.1
Project("{FAE04EC0-301F-11D3-BF4B-00C04F79EFBC}") = "Task1", "Task1\Task1.csproj", "{88DF5899-D45E-4147-8461-54C1839F76D2}"
EndProject
Project("{FAE04EC0-301F-11D3-BF4B-00C04F79EFBC}") = "Task2", "Task2\Task2.csproj", "{6FAD9B87-953A-4B1C-8580-11496659896F}"
EndProject
Project("{FAE04EC0-301F-11D3-BF4B-00C04F79EFBC}") = "Task3", "Task3\Task3.csproj", "{2FA53CD5-6100-474A-A389-5199FBB020E6}"
EndProject
Global
	GlobalSection(SolutionConfigurationPlatforms) = preSolution
		Debug|Any CPU = Debug|Any CPU
		Release|Any CPU = Release|Any CPU
	EndGlobalSection
	GlobalSection(ProjectConfigurationPlatforms) = postSolution
		{88DF5899-D45E-4147-8461-54C1839F76D2}.Debug|Any CPU.ActiveCfg = Debug|Any CPU
		{88DF5899-D45E-4147-8461-54C1839F76D2}.Debug|Any CPU.Build.0 = Debug|Any CPU
		{88DF5899-D45E-4147-8461-54C1839F76D2}.Release|Any CPU.ActiveCfg = Release|Any CPU
		{88DF5899-D45E-4147-8461-54C1839F76D2}.Release|Any CPU.Build.0 = Release|Any CPU
		{6FAD9B87-953A-4B1C-8580-11496659896F}.Debug|Any CPU.ActiveCfg = Debug|Any CPU
		{6FAD9B87-953A-4B1C-8580-11496659896F}.Debug|Any CPU.Build.0 = Debug|Any CPU
		{6FAD9B87-953A-4B1C-8580-11496659896F}.Release|Any CPU.ActiveCfg = Release|Any CPU
		{6FAD9B87-953A-4B1C-8580-11496659896F}.Release|Any CPU.Build.0 = Release|Any CPU
		{2FA53CD5-6100-474A-A389-5199FBB020E6}.Debug|Any CPU.ActiveCfg = Debug|Any CPU
		{2FA53CD5-6100-474A-A389-5199FBB020E6}.Debug|Any CPU.Build.0 = Debug|Any CPU
		{2FA53CD5-6100-474A-A389-5199FBB020E6}.Release|Any CPU.ActiveCfg = Release|Any CPU
		{2FA53CD5-6100-474A-A389-5199FBB020E6}.Release|Any CPU.Build.0 = Release|Any CPU
	EndGlobalSection
	GlobalSection(SolutionProperties) = preSolution
		HideSolutionNode = FALSE
	EndGlobalSection
	GlobalSection(ExtensibilityGlobals) = postSolution
		SolutionGuid = {0E7A392C-54BD-4ACE-811E-FE7C573ABA25}
	EndGlobalSection
EndGlobal
