
Microsoft Visual Studio Solution File, Format Version 12.00
# Visual Studio Version 17
VisualStudioVersion = 17.9.34616.47
MinimumVisualStudioVersion = 10.0.40219.1
Project("{FAE04EC0-301F-11D3-BF4B-00C04F79EFBC}") = "LabWorkLibrary", "LabWorkLibrary\LabWorkLibrary.csproj", "{AE425200-D580-43F3-BCC7-BEA047CF397E}"
EndProject
Global
	GlobalSection(SolutionConfigurationPlatforms) = preSolution
		Debug|Any CPU = Debug|Any CPU
		Release|Any CPU = Release|Any CPU
	EndGlobalSection
	GlobalSection(ProjectConfigurationPlatforms) = postSolution
		{AE425200-D580-43F3-BCC7-BEA047CF397E}.Debug|Any CPU.ActiveCfg = Debug|Any CPU
		{AE425200-D580-43F3-BCC7-BEA047CF397E}.Debug|Any CPU.Build.0 = Debug|Any CPU
		{AE425200-D580-43F3-BCC7-BEA047CF397E}.Release|Any CPU.ActiveCfg = Release|Any CPU
		{AE425200-D580-43F3-BCC7-BEA047CF397E}.Release|Any CPU.Build.0 = Release|Any CPU
	EndGlobalSection
	GlobalSection(SolutionProperties) = preSolution
		HideSolutionNode = FALSE
	EndGlobalSection
	GlobalSection(ExtensibilityGlobals) = postSolution
		SolutionGuid = {01188822-0DEA-4088-A3B4-18C5A78C3B07}
	EndGlobalSection
EndGlobal
