
Microsoft Visual Studio Solution File, Format Version 12.00
# Visual Studio Version 17
VisualStudioVersion = 17.9.34616.47
MinimumVisualStudioVersion = 10.0.40219.1
Project("{9A19103F-16F7-4668-BE54-9A1E7A4F7556}") = "Task1", "Task1\Task1.csproj", "{31F8B8D2-64F5-41BD-AAA0-46F8332439E6}"
EndProject
Project("{FAE04EC0-301F-11D3-BF4B-00C04F79EFBC}") = "Task2", "Task2\Task2.csproj", "{32D22FA8-6765-4E3A-B35E-9CC2B28E852E}"
EndProject
Global
	GlobalSection(SolutionConfigurationPlatforms) = preSolution
		Debug|Any CPU = Debug|Any CPU
		Release|Any CPU = Release|Any CPU
	EndGlobalSection
	GlobalSection(ProjectConfigurationPlatforms) = postSolution
		{31F8B8D2-64F5-41BD-AAA0-46F8332439E6}.Debug|Any CPU.ActiveCfg = Debug|Any CPU
		{31F8B8D2-64F5-41BD-AAA0-46F8332439E6}.Debug|Any CPU.Build.0 = Debug|Any CPU
		{31F8B8D2-64F5-41BD-AAA0-46F8332439E6}.Release|Any CPU.ActiveCfg = Release|Any CPU
		{31F8B8D2-64F5-41BD-AAA0-46F8332439E6}.Release|Any CPU.Build.0 = Release|Any CPU
		{32D22FA8-6765-4E3A-B35E-9CC2B28E852E}.Debug|Any CPU.ActiveCfg = Debug|Any CPU
		{32D22FA8-6765-4E3A-B35E-9CC2B28E852E}.Debug|Any CPU.Build.0 = Debug|Any CPU
		{32D22FA8-6765-4E3A-B35E-9CC2B28E852E}.Release|Any CPU.ActiveCfg = Release|Any CPU
		{32D22FA8-6765-4E3A-B35E-9CC2B28E852E}.Release|Any CPU.Build.0 = Release|Any CPU
	EndGlobalSection
	GlobalSection(SolutionProperties) = preSolution
		HideSolutionNode = FALSE
	EndGlobalSection
	GlobalSection(ExtensibilityGlobals) = postSolution
		SolutionGuid = {D4DDCF0A-F972-4367-8D21-7B3F75122315}
	EndGlobalSection
EndGlobal
