
Microsoft Visual Studio Solution File, Format Version 12.00
# Visual Studio Version 17
VisualStudioVersion = 17.9.34728.123
MinimumVisualStudioVersion = 10.0.40219.1
Project("{FAE04EC0-301F-11D3-BF4B-00C04F79EFBC}") = "Task1", "Task1\Task1.csproj", "{8A2FA05D-5F57-4737-A9DB-EFFD882392D6}"
EndProject
Project("{FAE04EC0-301F-11D3-BF4B-00C04F79EFBC}") = "Task2", "Task2\Task2.csproj", "{03856579-9C7B-4A31-B7C1-0F4D12D8CFDD}"
EndProject
Project("{FAE04EC0-301F-11D3-BF4B-00C04F79EFBC}") = "Task3", "Task3\Task3.csproj", "{E8CE1B7F-236B-49AF-8D9A-2DF804198C35}"
EndProject
Global
	GlobalSection(SolutionConfigurationPlatforms) = preSolution
		Debug|Any CPU = Debug|Any CPU
		Release|Any CPU = Release|Any CPU
	EndGlobalSection
	GlobalSection(ProjectConfigurationPlatforms) = postSolution
		{8A2FA05D-5F57-4737-A9DB-EFFD882392D6}.Debug|Any CPU.ActiveCfg = Debug|Any CPU
		{8A2FA05D-5F57-4737-A9DB-EFFD882392D6}.Debug|Any CPU.Build.0 = Debug|Any CPU
		{8A2FA05D-5F57-4737-A9DB-EFFD882392D6}.Release|Any CPU.ActiveCfg = Release|Any CPU
		{8A2FA05D-5F57-4737-A9DB-EFFD882392D6}.Release|Any CPU.Build.0 = Release|Any CPU
		{03856579-9C7B-4A31-B7C1-0F4D12D8CFDD}.Debug|Any CPU.ActiveCfg = Debug|Any CPU
		{03856579-9C7B-4A31-B7C1-0F4D12D8CFDD}.Debug|Any CPU.Build.0 = Debug|Any CPU
		{03856579-9C7B-4A31-B7C1-0F4D12D8CFDD}.Release|Any CPU.ActiveCfg = Release|Any CPU
		{03856579-9C7B-4A31-B7C1-0F4D12D8CFDD}.Release|Any CPU.Build.0 = Release|Any CPU
		{E8CE1B7F-236B-49AF-8D9A-2DF804198C35}.Debug|Any CPU.ActiveCfg = Debug|Any CPU
		{E8CE1B7F-236B-49AF-8D9A-2DF804198C35}.Debug|Any CPU.Build.0 = Debug|Any CPU
		{E8CE1B7F-236B-49AF-8D9A-2DF804198C35}.Release|Any CPU.ActiveCfg = Release|Any CPU
		{E8CE1B7F-236B-49AF-8D9A-2DF804198C35}.Release|Any CPU.Build.0 = Release|Any CPU
	EndGlobalSection
	GlobalSection(SolutionProperties) = preSolution
		HideSolutionNode = FALSE
	EndGlobalSection
	GlobalSection(ExtensibilityGlobals) = postSolution
		SolutionGuid = {124CF4ED-8877-4EE3-A6BD-1273BCD4EA24}
	EndGlobalSection
EndGlobal
